
Microsoft Visual Studio Solution File, Format Version 12.00
# Visual Studio Version 16
VisualStudioVersion = 16.0.31005.135
MinimumVisualStudioVersion = 10.0.40219.1
Project("{FAE04EC0-301F-11D3-BF4B-00C04F79EFBC}") = "SolvaBot", "SolvaBot.csproj", "{91F2FD4C-99AC-401C-8F0F-36B1313E939A}"
EndProject
Global
	GlobalSection(SolutionConfigurationPlatforms) = preSolution
		Debug|Any CPU = Debug|Any CPU
		Release|Any CPU = Release|Any CPU
	EndGlobalSection
	GlobalSection(ProjectConfigurationPlatforms) = postSolution
		{91F2FD4C-99AC-401C-8F0F-36B1313E939A}.Debug|Any CPU.ActiveCfg = Debug|Any CPU
		{91F2FD4C-99AC-401C-8F0F-36B1313E939A}.Debug|Any CPU.Build.0 = Debug|Any CPU
		{91F2FD4C-99AC-401C-8F0F-36B1313E939A}.Release|Any CPU.ActiveCfg = Release|Any CPU
		{91F2FD4C-99AC-401C-8F0F-36B1313E939A}.Release|Any CPU.Build.0 = Release|Any CPU
	EndGlobalSection
	GlobalSection(SolutionProperties) = preSolution
		HideSolutionNode = FALSE
	EndGlobalSection
	GlobalSection(ExtensibilityGlobals) = postSolution
		SolutionGuid = {BAF8BFFE-DE91-4BAE-A271-2C092D83108D}
	EndGlobalSection
EndGlobal
